
Microsoft Visual Studio Solution File, Format Version 12.00
# Visual Studio Version 17
VisualStudioVersion = 17.8.34330.188
MinimumVisualStudioVersion = 10.0.40219.1
Project("{FAE04EC0-301F-11D3-BF4B-00C04F79EFBC}") = "TicketsPurchaseService", "TicketPurchaseService\TicketsPurchaseService.csproj", "{87B20B98-C923-4DCF-87CA-D44F79DFC949}"
EndProject
Global
	GlobalSection(SolutionConfigurationPlatforms) = preSolution
		Debug|Any CPU = Debug|Any CPU
		Release|Any CPU = Release|Any CPU
	EndGlobalSection
	GlobalSection(ProjectConfigurationPlatforms) = postSolution
		{87B20B98-C923-4DCF-87CA-D44F79DFC949}.Debug|Any CPU.ActiveCfg = Debug|Any CPU
		{87B20B98-C923-4DCF-87CA-D44F79DFC949}.Debug|Any CPU.Build.0 = Debug|Any CPU
		{87B20B98-C923-4DCF-87CA-D44F79DFC949}.Release|Any CPU.ActiveCfg = Release|Any CPU
		{87B20B98-C923-4DCF-87CA-D44F79DFC949}.Release|Any CPU.Build.0 = Release|Any CPU
	EndGlobalSection
	GlobalSection(SolutionProperties) = preSolution
		HideSolutionNode = FALSE
	EndGlobalSection
	GlobalSection(ExtensibilityGlobals) = postSolution
		SolutionGuid = {49A75B7F-F9A6-4922-BA17-1C34E9C4582F}
	EndGlobalSection
EndGlobal
